
Microsoft Visual Studio Solution File, Format Version 12.00
# Visual Studio 15
VisualStudioVersion = 15.0.27004.2005
MinimumVisualStudioVersion = 10.0.40219.1
Project("{FAE04EC0-301F-11D3-BF4B-00C04F79EFBC}") = "Generator", "Generator.csproj", "{CA90BE6B-0425-49F3-94CA-7572D6D50DE8}"
EndProject
Global
	GlobalSection(SolutionConfigurationPlatforms) = preSolution
		Debug|Any CPU = Debug|Any CPU
		Release|Any CPU = Release|Any CPU
	EndGlobalSection
	GlobalSection(ProjectConfigurationPlatforms) = postSolution
		{CA90BE6B-0425-49F3-94CA-7572D6D50DE8}.Debug|Any CPU.ActiveCfg = Debug|Any CPU
		{CA90BE6B-0425-49F3-94CA-7572D6D50DE8}.Debug|Any CPU.Build.0 = Debug|Any CPU
		{CA90BE6B-0425-49F3-94CA-7572D6D50DE8}.Release|Any CPU.ActiveCfg = Release|Any CPU
		{CA90BE6B-0425-49F3-94CA-7572D6D50DE8}.Release|Any CPU.Build.0 = Release|Any CPU
	EndGlobalSection
	GlobalSection(SolutionProperties) = preSolution
		HideSolutionNode = FALSE
	EndGlobalSection
	GlobalSection(ExtensibilityGlobals) = postSolution
		SolutionGuid = {A08DA553-FC60-49DC-A2C3-BFBEE0F13887}
	EndGlobalSection
EndGlobal
